
Microsoft Visual Studio Solution File, Format Version 12.00
# Visual Studio Version 16
VisualStudioVersion = 16.0.29306.81
MinimumVisualStudioVersion = 10.0.40219.1
Project("{FAE04EC0-301F-11D3-BF4B-00C04F79EFBC}") = "Debugging", "Debugging.csproj", "{A52D5CF0-D40B-4127-9985-A07E3B4CB5B8}"
EndProject
Global
	GlobalSection(SolutionConfigurationPlatforms) = preSolution
		Debug|Any CPU = Debug|Any CPU
		Release|Any CPU = Release|Any CPU
	EndGlobalSection
	GlobalSection(ProjectConfigurationPlatforms) = postSolution
		{A52D5CF0-D40B-4127-9985-A07E3B4CB5B8}.Debug|Any CPU.ActiveCfg = Debug|Any CPU
		{A52D5CF0-D40B-4127-9985-A07E3B4CB5B8}.Debug|Any CPU.Build.0 = Debug|Any CPU
		{A52D5CF0-D40B-4127-9985-A07E3B4CB5B8}.Release|Any CPU.ActiveCfg = Release|Any CPU
		{A52D5CF0-D40B-4127-9985-A07E3B4CB5B8}.Release|Any CPU.Build.0 = Release|Any CPU
	EndGlobalSection
	GlobalSection(SolutionProperties) = preSolution
		HideSolutionNode = FALSE
	EndGlobalSection
	GlobalSection(ExtensibilityGlobals) = postSolution
		SolutionGuid = {C4BF042C-1E99-42F6-8939-DE1A0480D5DA}
	EndGlobalSection
	GlobalSection(TextTemplating) = postSolution
		TextTemplating = 1
	EndGlobalSection
EndGlobal
